
Microsoft Visual Studio Solution File, Format Version 12.00
# Visual Studio Version 17
VisualStudioVersion = 17.6.33815.320
MinimumVisualStudioVersion = 10.0.40219.1
Project("{9A19103F-16F7-4668-BE54-9A1E7A4F7556}") = "LebUpwork.Api", "LebUpwork\LebUpwork.Api.csproj", "{2F066B36-73F0-4EB3-BA21-840D688CF421}"
EndProject
Project("{9A19103F-16F7-4668-BE54-9A1E7A4F7556}") = "LebUpwor.core", "LebUpwor.core\LebUpwor.core.csproj", "{355F9596-B4CA-44AC-A4C9-DDE0DC044BAD}"
EndProject
Project("{9A19103F-16F7-4668-BE54-9A1E7A4F7556}") = "LebUpwork.service", "LebUpwork.service\LebUpwork.service.csproj", "{66DF8E67-0585-41EE-9556-C32438BEE7F8}"
EndProject
Global
	GlobalSection(SolutionConfigurationPlatforms) = preSolution
		Debug|Any CPU = Debug|Any CPU
		Release|Any CPU = Release|Any CPU
	EndGlobalSection
	GlobalSection(ProjectConfigurationPlatforms) = postSolution
		{2F066B36-73F0-4EB3-BA21-840D688CF421}.Debug|Any CPU.ActiveCfg = Debug|Any CPU
		{2F066B36-73F0-4EB3-BA21-840D688CF421}.Debug|Any CPU.Build.0 = Debug|Any CPU
		{2F066B36-73F0-4EB3-BA21-840D688CF421}.Release|Any CPU.ActiveCfg = Release|Any CPU
		{2F066B36-73F0-4EB3-BA21-840D688CF421}.Release|Any CPU.Build.0 = Release|Any CPU
		{355F9596-B4CA-44AC-A4C9-DDE0DC044BAD}.Debug|Any CPU.ActiveCfg = Debug|Any CPU
		{355F9596-B4CA-44AC-A4C9-DDE0DC044BAD}.Debug|Any CPU.Build.0 = Debug|Any CPU
		{355F9596-B4CA-44AC-A4C9-DDE0DC044BAD}.Release|Any CPU.ActiveCfg = Release|Any CPU
		{355F9596-B4CA-44AC-A4C9-DDE0DC044BAD}.Release|Any CPU.Build.0 = Release|Any CPU
		{66DF8E67-0585-41EE-9556-C32438BEE7F8}.Debug|Any CPU.ActiveCfg = Debug|Any CPU
		{66DF8E67-0585-41EE-9556-C32438BEE7F8}.Debug|Any CPU.Build.0 = Debug|Any CPU
		{66DF8E67-0585-41EE-9556-C32438BEE7F8}.Release|Any CPU.ActiveCfg = Release|Any CPU
		{66DF8E67-0585-41EE-9556-C32438BEE7F8}.Release|Any CPU.Build.0 = Release|Any CPU
	EndGlobalSection
	GlobalSection(SolutionProperties) = preSolution
		HideSolutionNode = FALSE
	EndGlobalSection
	GlobalSection(ExtensibilityGlobals) = postSolution
		SolutionGuid = {626DF160-D0C0-4CC7-9167-4B6F5BF2821D}
	EndGlobalSection
EndGlobal
